GIT
  remote: https://github.com/codeclimate/ruby-test-reporter
  revision: 982de5570d81cff613f9055bede17e85d66c72f1
  tag: v0.4.7
  specs:
    codeclimate-test-reporter (0.4.7)
      simplecov (>= 0.7.1, < 1.0.0)

GEM
  remote: https://rubygems.org/
  specs:
    rdoc (4.2.0)
      json (~> 1.4)
    rspec (3.2.0)
      rspec-core (~> 3.2.0)
      rspec-expectations (~> 3.2.0)
      rspec-mocks (~> 3.2.0)
    rspec-rails (3.2.1)
      actionpack (>= 3.0, < 4.3)
      activesupport (>= 3.0, < 4.3)
      railties (>= 3.0, < 4.3)
      rspec-core (~> 3.2.0)
      rspec-expectations (~> 3.2.0)
      rspec-mocks (~> 3.2.0)
      rspec-support (~> 3.2.0)
    sdoc (0.4.1)
      json (~> 1.7, >= 1.7.7)
      rdoc (~> 4.0)
    shoulda-matchers (2.8.0)
      activesupport (>= 3.0.0)

PLATFORMS
  ruby

DEPENDENCIES
  codeclimate-test-reporter!
  rdoc
  rspec
  rspec-rails
  sdoc
  shoulda-matchers
