PATH
  remote: /home/0x43/Documents/github/bundler-multi-lockfile-hack/spec/rbench-gem
  specs:
    rbench (0.2.4)

GEM
  remote: https://rubygems.org/
  specs:
    activesupport (4.2.1)
      i18n (~> 0.7)
      json (~> 1.7, >= 1.7.7)
      minitest (~> 5.1)
      thread_safe (~> 0.3, >= 0.3.4)
      tzinfo (~> 1.1)
    json (1.8.2)
    maruku (0.7.2)

PLATFORMS
  ruby

DEPENDENCIES
  activesupport
  json
  maruku
  rbench!
